// !$*UTF8*$!
{
	archiveVersion = 1;
	classes = {
	};
	objectVersion = 50;
	objects = {

/* Begin PBXBuildFile section */
		043A052323988C03000E4DAA /* AppDelegate.swift in Sources */ = {isa = PBXBuildFile; fileRef = 043A052223988C03000E4DAA /* AppDelegate.swift */; };
		043A052523988C03000E4DAA /* GameScene.sks in Resources */ = {isa = PBXBuildFile; fileRef = 043A052423988C03000E4DAA /* GameScene.sks */; };
		043A052723988C03000E4DAA /* Actions.sks in Resources */ = {isa = PBXBuildFile; fileRef = 043A052623988C03000E4DAA /* Actions.sks */; };
		043A052923988C03000E4DAA /* GameScene.swift in Sources */ = {isa = PBXBuildFile; fileRef = 043A052823988C03000E4DAA /* GameScene.swift */; };
		043A052B23988C03000E4DAA /* ViewController.swift in Sources */ = {isa = PBXBuildFile; fileRef = 043A052A23988C03000E4DAA /* ViewController.swift */; };
		043A052D23988C04000E4DAA /* Assets.xcassets in Resources */ = {isa = PBXBuildFile; fileRef = 043A052C23988C04000E4DAA /* Assets.xcassets */; };
		043A053023988C04000E4DAA /* Main.storyboard in Resources */ = {isa = PBXBuildFile; fileRef = 043A052E23988C04000E4DAA /* Main.storyboard */; };
		043A053C23988C05000E4DAA /* test2Tests.swift in Sources */ = {isa = PBXBuildFile; fileRef = 043A053B23988C05000E4DAA /* test2Tests.swift */; };
		043A054723988C05000E4DAA /* test2UITests.swift in Sources */ = {isa = PBXBuildFile; fileRef = 043A054623988C05000E4DAA /* test2UITests.swift */; };
/* End PBXBuildFile section */

/* Begin PBXContainerItemProxy section */
		043A053823988C05000E4DAA /* PBXContainerItemProxy */ = {
			isa = PBXContainerItemProxy;
			containerPortal = 043A051723988C03000E4DAA /* Project object */;
			proxyType = 1;
			remoteGlobalIDString = 043A051E23988C03000E4DAA;
			remoteInfo = test2;
		};
		043A054323988C05000E4DAA /* PBXContainerItemProxy */ = {
			isa = PBXContainerItemProxy;
			containerPortal = 043A051723988C03000E4DAA /* Project object */;
			proxyType = 1;
			remoteGlobalIDString = 043A051E23988C03000E4DAA;
			remoteInfo = test2;
		};
/* End PBXContainerItemProxy section */

/* Begin PBXFileReference section */
		043A051F23988C03000E4DAA /* test2.app */ = {isa = PBXFileReference; explicitFileType = wrapper.application; includeInIndex = 0; path = test2.app; sourceTree = BUILT_PRODUCTS_DIR; };
		043A052223988C03000E4DAA /* AppDelegate.swift */ = {isa = PBXFileReference; lastKnownFileType = sourcecode.swift; path = AppDelegate.swift; sourceTree = "<group>"; };
		043A052423988C03000E4DAA /* GameScene.sks */ = {isa = PBXFileReference; lastKnownFileType = file.sks; path = GameScene.sks; sourceTree = "<group>"; };
		043A052623988C03000E4DAA /* Actions.sks */ = {isa = PBXFileReference; lastKnownFileType = file.sks; path = Actions.sks; sourceTree = "<group>"; };
		043A052823988C03000E4DAA /* GameScene.swift */ = {isa = PBXFileReference; lastKnownFileType = sourcecode.swift; path = GameScene.swift; sourceTree = "<group>"; };
		043A052A23988C03000E4DAA /* ViewController.swift */ = {isa = PBXFileReference; lastKnownFileType = sourcecode.swift; path = ViewController.swift; sourceTree = "<group>"; };
		043A052C23988C04000E4DAA /* Assets.xcassets */ = {isa = PBXFileReference; lastKnownFileType = folder.assetcatalog; path = Assets.xcassets; sourceTree = "<group>"; };
		043A052F23988C04000E4DAA /* Base */ = {isa = PBXFileReference; lastKnownFileType = file.storyboard; name = Base; path = Base.lproj/Main.storyboard; sourceTree = "<group>"; };
		043A053123988C04000E4DAA /* Info.plist */ = {isa = PBXFileReference; lastKnownFileType = text.plist.xml; path = Info.plist; sourceTree = "<group>"; };
		043A053223988C04000E4DAA /* test2.entitlements */ = {isa = PBXFileReference; lastKnownFileType = text.plist.entitlements; path = test2.entitlements; sourceTree = "<group>"; };
		043A053723988C05000E4DAA /* test2Tests.xctest */ = {isa = PBXFileReference; explicitFileType = wrapper.cfbundle; includeInIndex = 0; path = test2Tests.xctest; sourceTree = BUILT_PRODUCTS_DIR; };
		043A053B23988C05000E4DAA /* test2Tests.swift */ = {isa = PBXFileReference; lastKnownFileType = sourcecode.swift; path = test2Tests.swift; sourceTree = "<group>"; };
		043A053D23988C05000E4DAA /* Info.plist */ = {isa = PBXFileReference; lastKnownFileType = text.plist.xml; path = Info.plist; sourceTree = "<group>"; };
		043A054223988C05000E4DAA /* test2UITests.xctest */ = {isa = PBXFileReference; explicitFileType = wrapper.cfbundle; includeInIndex = 0; path = test2UITests.xctest; sourceTree = BUILT_PRODUCTS_DIR; };
		043A054623988C05000E4DAA /* test2UITests.swift */ = {isa = PBXFileReference; lastKnownFileType = sourcecode.swift; path = test2UITests.swift; sourceTree = "<group>"; };
		043A054823988C05000E4DAA /* Info.plist */ = {isa = PBXFileReference; lastKnownFileType = text.plist.xml; path = Info.plist; sourceTree = "<group>"; };
/* End PBXFileReference section */

/* Begin PBXFrameworksBuildPhase section */
		043A051C23988C03000E4DAA /* Frameworks */ = {
			isa = PBXFrameworksBuildPhase;
			buildActionMask = 2147483647;
			files = (
			);
			runOnlyForDeploymentPostprocessing = 0;
		};
		043A053423988C05000E4DAA /* Frameworks */ = {
			isa = PBXFrameworksBuildPhase;
			buildActionMask = 2147483647;
			files = (
			);
			runOnlyForDeploymentPostprocessing = 0;
		};
		043A053F23988C05000E4DAA /* Frameworks */ = {
			isa = PBXFrameworksBuildPhase;
			buildActionMask = 2147483647;
			files = (
			);
			runOnlyForDeploymentPostprocessing = 0;
		};
/* End PBXFrameworksBuildPhase section */

/* Begin PBXGroup section */
		043A051623988C03000E4DAA = {
			isa = PBXGroup;
			children = (
				043A052123988C03000E4DAA /* test2 */,
				043A053A23988C05000E4DAA /* test2Tests */,
				043A054523988C05000E4DAA /* test2UITests */,
				043A052023988C03000E4DAA /* Products */,
			);
			sourceTree = "<group>";
		};
		043A052023988C03000E4DAA /* Products */ = {
			isa = PBXGroup;
			children = (
				043A051F23988C03000E4DAA /* test2.app */,
				043A053723988C05000E4DAA /* test2Tests.xctest */,
				043A054223988C05000E4DAA /* test2UITests.xctest */,
			);
			name = Products;
			sourceTree = "<group>";
		};
		043A052123988C03000E4DAA /* test2 */ = {
			isa = PBXGroup;
			children = (
				043A052223988C03000E4DAA /* AppDelegate.swift */,
				043A052423988C03000E4DAA /* GameScene.sks */,
				043A052623988C03000E4DAA /* Actions.sks */,
				043A052823988C03000E4DAA /* GameScene.swift */,
				043A052A23988C03000E4DAA /* ViewController.swift */,
				043A052C23988C04000E4DAA /* Assets.xcassets */,
				043A052E23988C04000E4DAA /* Main.storyboard */,
				043A053123988C04000E4DAA /* Info.plist */,
				043A053223988C04000E4DAA /* test2.entitlements */,
			);
			path = test2;
			sourceTree = "<group>";
		};
		043A053A23988C05000E4DAA /* test2Tests */ = {
			isa = PBXGroup;
			children = (
				043A053B23988C05000E4DAA /* test2Tests.swift */,
				043A053D23988C05000E4DAA /* Info.plist */,
			);
			path = test2Tests;
			sourceTree = "<group>";
		};
		043A054523988C05000E4DAA /* test2UITests */ = {
			isa = PBXGroup;
			children = (
				043A054623988C05000E4DAA /* test2UITests.swift */,
				043A054823988C05000E4DAA /* Info.plist */,
			);
			path = test2UITests;
			sourceTree = "<group>";
		};
/* End PBXGroup section */

/* Begin PBXNativeTarget section */
		043A051E23988C03000E4DAA /* test2 */ = {
			isa = PBXNativeTarget;
			buildConfigurationList = 043A054B23988C05000E4DAA /* Build configuration list for PBXNativeTarget "test2" */;
			buildPhases = (
				043A051B23988C03000E4DAA /* Sources */,
				043A051C23988C03000E4DAA /* Frameworks */,
				043A051D23988C03000E4DAA /* Resources */,
			);
			buildRules = (
			);
			dependencies = (
			);
			name = test2;
			productName = test2;
			productReference = 043A051F23988C03000E4DAA /* test2.app */;
			productType = "com.apple.product-type.application";
		};
		043A053623988C05000E4DAA /* test2Tests */ = {
			isa = PBXNativeTarget;
			buildConfigurationList = 043A054E23988C05000E4DAA /* Build configuration list for PBXNativeTarget "test2Tests" */;
			buildPhases = (
				043A053323988C05000E4DAA /* Sources */,
				043A053423988C05000E4DAA /* Frameworks */,
				043A053523988C05000E4DAA /* Resources */,
			);
			buildRules = (
			);
			dependencies = (
				043A053923988C05000E4DAA /* PBXTargetDependency */,
			);
			name = test2Tests;
			productName = test2Tests;
			productReference = 043A053723988C05000E4DAA /* test2Tests.xctest */;
			productType = "com.apple.product-type.bundle.unit-test";
		};
		043A054123988C05000E4DAA /* test2UITests */ = {
			isa = PBXNativeTarget;
			buildConfigurationList = 043A055123988C05000E4DAA /* Build configuration list for PBXNativeTarget "test2UITests" */;
			buildPhases = (
				043A053E23988C05000E4DAA /* Sources */,
				043A053F23988C05000E4DAA /* Frameworks */,
				043A054023988C05000E4DAA /* Resources */,
			);
			buildRules = (
			);
			dependencies = (
				043A054423988C05000E4DAA /* PBXTargetDependency */,
			);
			name = test2UITests;
			productName = test2UITests;
			productReference = 043A054223988C05000E4DAA /* test2UITests.xctest */;
			productType = "com.apple.product-type.bundle.ui-testing";
		};
/* End PBXNativeTarget section */

/* Begin PBXProject section */
		043A051723988C03000E4DAA /* Project object */ = {
			isa = PBXProject;
			attributes = {
				LastSwiftUpdateCheck = 1010;
				LastUpgradeCheck = 1010;
				ORGANIZATIONNAME = "Danil Ulmashev";
				TargetAttributes = {
					043A051E23988C03000E4DAA = {
						CreatedOnToolsVersion = 10.1;
					};
					043A053623988C05000E4DAA = {
						CreatedOnToolsVersion = 10.1;
						TestTargetID = 043A051E23988C03000E4DAA;
					};
					043A054123988C05000E4DAA = {
						CreatedOnToolsVersion = 10.1;
						TestTargetID = 043A051E23988C03000E4DAA;
					};
				};
			};
			buildConfigurationList = 043A051A23988C03000E4DAA /* Build configuration list for PBXProject "test2" */;
			compatibilityVersion = "Xcode 9.3";
			developmentRegion = en;
			hasScannedForEncodings = 0;
			knownRegions = (
				en,
				Base,
			);
			mainGroup = 043A051623988C03000E4DAA;
			productRefGroup = 043A052023988C03000E4DAA /* Products */;
			projectDirPath = "";
			projectRoot = "";
			targets = (
				043A051E23988C03000E4DAA /* test2 */,
				043A053623988C05000E4DAA /* test2Tests */,
				043A054123988C05000E4DAA /* test2UITests */,
			);
		};
/* End PBXProject section */

/* Begin PBXResourcesBuildPhase section */
		043A051D23988C03000E4DAA /* Resources */ = {
			isa = PBXResourcesBuildPhase;
			buildActionMask = 2147483647;
			files = (
				043A052523988C03000E4DAA /* GameScene.sks in Resources */,
				043A052D23988C04000E4DAA /* Assets.xcassets in Resources */,
				043A052723988C03000E4DAA /* Actions.sks in Resources */,
				043A053023988C04000E4DAA /* Main.storyboard in Resources */,
			);
			runOnlyForDeploymentPostprocessing = 0;
		};
		043A053523988C05000E4DAA /* Resources */ = {
			isa = PBXResourcesBuildPhase;
			buildActionMask = 2147483647;
			files = (
			);
			runOnlyForDeploymentPostprocessing = 0;
		};
		043A054023988C05000E4DAA /* Resources */ = {
			isa = PBXResourcesBuildPhase;
			buildActionMask = 2147483647;
			files = (
			);
			runOnlyForDeploymentPostprocessing = 0;
		};
/* End PBXResourcesBuildPhase section */

/* Begin PBXSourcesBuildPhase section */
		043A051B23988C03000E4DAA /* Sources */ = {
			isa = PBXSourcesBuildPhase;
			buildActionMask = 2147483647;
			files = (
				043A052B23988C03000E4DAA /* ViewController.swift in Sources */,
				043A052923988C03000E4DAA /* GameScene.swift in Sources */,
				043A052323988C03000E4DAA /* AppDelegate.swift in Sources */,
			);
			runOnlyForDeploymentPostprocessing = 0;
		};
		043A053323988C05000E4DAA /* Sources */ = {
			isa = PBXSourcesBuildPhase;
			buildActionMask = 2147483647;
			files = (
				043A053C23988C05000E4DAA /* test2Tests.swift in Sources */,
			);
			runOnlyForDeploymentPostprocessing = 0;
		};
		043A053E23988C05000E4DAA /* Sources */ = {
			isa = PBXSourcesBuildPhase;
			buildActionMask = 2147483647;
			files = (
				043A054723988C05000E4DAA /* test2UITests.swift in Sources */,
			);
			runOnlyForDeploymentPostprocessing = 0;
		};
/* End PBXSourcesBuildPhase section */

/* Begin PBXTargetDependency section */
		043A053923988C05000E4DAA /* PBXTargetDependency */ = {
			isa = PBXTargetDependency;
			target = 043A051E23988C03000E4DAA /* test2 */;
			targetProxy = 043A053823988C05000E4DAA /* PBXContainerItemProxy */;
		};
		043A054423988C05000E4DAA /* PBXTargetDependency */ = {
			isa = PBXTargetDependency;
			target = 043A051E23988C03000E4DAA /* test2 */;
			targetProxy = 043A054323988C05000E4DAA /* PBXContainerItemProxy */;
		};
/* End PBXTargetDependency section */

/* Begin PBXVariantGroup section */
		043A052E23988C04000E4DAA /* Main.storyboard */ = {
			isa = PBXVariantGroup;
			children = (
				043A052F23988C04000E4DAA /* Base */,
			);
			name = Main.storyboard;
			sourceTree = "<group>";
		};
/* End PBXVariantGroup section */

/* Begin XCBuildConfiguration section */
		043A054923988C05000E4DAA /* Debug */ = {
			isa = XCBuildConfiguration;
			buildSettings = {
				ALWAYS_SEARCH_USER_PATHS = NO;
				CLANG_ANALYZER_NONNULL = YES;
				CLANG_ANALYZER_NUMBER_OBJECT_CONVERSION = YES_AGGRESSIVE;
				CLANG_CXX_LANGUAGE_STANDARD = "gnu++14";
				CLANG_CXX_LIBRARY = "libc++";
				CLANG_ENABLE_MODULES = YES;
				CLANG_ENABLE_OBJC_ARC = YES;
				CLANG_ENABLE_OBJC_WEAK = YES;
				CLANG_WARN_BLOCK_CAPTURE_AUTORELEASING = YES;
				CLANG_WARN_BOOL_CONVERSION = YES;
				CLANG_WARN_COMMA = YES;
				CLANG_WARN_CONSTANT_CONVERSION = YES;
				CLANG_WARN_DEPRECATED_OBJC_IMPLEMENTATIONS = YES;
				CLANG_WARN_DIRECT_OBJC_ISA_USAGE = YES_ERROR;
				CLANG_WARN_DOCUMENTATION_COMMENTS = YES;
				CLANG_WARN_EMPTY_BODY = YES;
				CLANG_WARN_ENUM_CONVERSION = YES;
				CLANG_WARN_INFINITE_RECURSION = YES;
				CLANG_WARN_INT_CONVERSION = YES;
				CLANG_WARN_NON_LITERAL_NULL_CONVERSION = YES;
				CLANG_WARN_OBJC_IMPLICIT_RETAIN_SELF = YES;
				CLANG_WARN_OBJC_LITERAL_CONVERSION = YES;
				CLANG_WARN_OBJC_ROOT_CLASS = YES_ERROR;
				CLANG_WARN_RANGE_LOOP_ANALYSIS = YES;
				CLANG_WARN_STRICT_PROTOTYPES = YES;
				CLANG_WARN_SUSPICIOUS_MOVE = YES;
				CLANG_WARN_UNGUARDED_AVAILABILITY = YES_AGGRESSIVE;
				CLANG_WARN_UNREACHABLE_CODE = YES;
				CLANG_WARN__DUPLICATE_METHOD_MATCH = YES;
				CODE_SIGN_IDENTITY = "Mac Developer";
				COPY_PHASE_STRIP = NO;
				DEBUG_INFORMATION_FORMAT = dwarf;
				ENABLE_STRICT_OBJC_MSGSEND = YES;
				ENABLE_TESTABILITY = YES;
				GCC_C_LANGUAGE_STANDARD = gnu11;
				GCC_DYNAMIC_NO_PIC = NO;
				GCC_NO_COMMON_BLOCKS = YES;
				GCC_OPTIMIZATION_LEVEL = 0;
				GCC_PREPROCESSOR_DEFINITIONS = (
					"DEBUG=1",
					"$(inherited)",
				);
				GCC_WARN_64_TO_32_BIT_CONVERSION = YES;
				GCC_WARN_ABOUT_RETURN_TYPE = YES_ERROR;
				GCC_WARN_UNDECLARED_SELECTOR = YES;
				GCC_WARN_UNINITIALIZED_AUTOS = YES_AGGRESSIVE;
				GCC_WARN_UNUSED_FUNCTION = YES;
				GCC_WARN_UNUSED_VARIABLE = YES;
				MACOSX_DEPLOYMENT_TARGET = 10.14;
				MTL_ENABLE_DEBUG_INFO = INCLUDE_SOURCE;
				MTL_FAST_MATH = YES;
				ONLY_ACTIVE_ARCH = YES;
				SDKROOT = macosx;
				SWIFT_ACTIVE_COMPILATION_CONDITIONS = DEBUG;
				SWIFT_OPTIMIZATION_LEVEL = "-Onone";
			};
			name = Debug;
		};
		043A054A23988C05000E4DAA /* Release */ = {
			isa = XCBuildConfiguration;
			buildSettings = {
				ALWAYS_SEARCH_USER_PATHS = NO;
				CLANG_ANALYZER_NONNULL = YES;
				CLANG_ANALYZER_NUMBER_OBJECT_CONVERSION = YES_AGGRESSIVE;
				CLANG_CXX_LANGUAGE_STANDARD = "gnu++14";
				CLANG_CXX_LIBRARY = "libc++";
				CLANG_ENABLE_MODULES = YES;
				CLANG_ENABLE_OBJC_ARC = YES;
				CLANG_ENABLE_OBJC_WEAK = YES;
				CLANG_WARN_BLOCK_CAPTURE_AUTORELEASING = YES;
				CLANG_WARN_BOOL_CONVERSION = YES;
				CLANG_WARN_COMMA = YES;
				CLANG_WARN_CONSTANT_CONVERSION = YES;
				CLANG_WARN_DEPRECATED_OBJC_IMPLEMENTATIONS = YES;
				CLANG_WARN_DIRECT_OBJC_ISA_USAGE = YES_ERROR;
				CLANG_WARN_DOCUMENTATION_COMMENTS = YES;
				CLANG_WARN_EMPTY_BODY = YES;
				CLANG_WARN_ENUM_CONVERSION = YES;
				CLANG_WARN_INFINITE_RECURSION = YES;
				CLANG_WARN_INT_CONVERSION = YES;
				CLANG_WARN_NON_LITERAL_NULL_CONVERSION = YES;
				CLANG_WARN_OBJC_IMPLICIT_RETAIN_SELF = YES;
				CLANG_WARN_OBJC_LITERAL_CONVERSION = YES;
				CLANG_WARN_OBJC_ROOT_CLASS = YES_ERROR;
				CLANG_WARN_RANGE_LOOP_ANALYSIS = YES;
				CLANG_WARN_STRICT_PROTOTYPES = YES;
				CLANG_WARN_SUSPICIOUS_MOVE = YES;
				CLANG_WARN_UNGUARDED_AVAILABILITY = YES_AGGRESSIVE;
				CLANG_WARN_UNREACHABLE_CODE = YES;
				CLANG_WARN__DUPLICATE_METHOD_MATCH = YES;
				CODE_SIGN_IDENTITY = "Mac Developer";
				COPY_PHASE_STRIP = NO;
				DEBUG_INFORMATION_FORMAT = "dwarf-with-dsym";
				ENABLE_NS_ASSERTIONS = NO;
				ENABLE_STRICT_OBJC_MSGSEND = YES;
				GCC_C_LANGUAGE_STANDARD = gnu11;
				GCC_NO_COMMON_BLOCKS = YES;
				GCC_WARN_64_TO_32_BIT_CONVERSION = YES;
				GCC_WARN_ABOUT_RETURN_TYPE = YES_ERROR;
				GCC_WARN_UNDECLARED_SELECTOR = YES;
				GCC_WARN_UNINITIALIZED_AUTOS = YES_AGGRESSIVE;
				GCC_WARN_UNUSED_FUNCTION = YES;
				GCC_WARN_UNUSED_VARIABLE = YES;
				MACOSX_DEPLOYMENT_TARGET = 10.14;
				MTL_ENABLE_DEBUG_INFO = NO;
				MTL_FAST_MATH = YES;
				SDKROOT = macosx;
				SWIFT_COMPILATION_MODE = wholemodule;
				SWIFT_OPTIMIZATION_LEVEL = "-O";
			};
			name = Release;
		};
		043A054C23988C05000E4DAA /* Debug */ = {
			isa = XCBuildConfiguration;
			buildSettings = {
				ASSETCATALOG_COMPILER_APPICON_NAME = AppIcon;
				CODE_SIGN_ENTITLEMENTS = test2/test2.entitlements;
				CODE_SIGN_STYLE = Automatic;
				COMBINE_HIDPI_IMAGES = YES;
				DEVELOPMENT_TEAM = G9P495SCC4;
				INFOPLIST_FILE = test2/Info.plist;
				LD_RUNPATH_SEARCH_PATHS = (
					"$(inherited)",
					"@executable_path/../Frameworks",
				);
				PRODUCT_BUNDLE_IDENTIFIER = me.test2;
				PRODUCT_NAME = "$(TARGET_NAME)";
				SWIFT_VERSION = 4.2;
			};
			name = Debug;
		};
		043A054D23988C05000E4DAA /* Release */ = {
			isa = XCBuildConfiguration;
			buildSettings = {
				ASSETCATALOG_COMPILER_APPICON_NAME = AppIcon;
				CODE_SIGN_ENTITLEMENTS = test2/test2.entitlements;
				CODE_SIGN_STYLE = Automatic;
				COMBINE_HIDPI_IMAGES = YES;
				DEVELOPMENT_TEAM = G9P495SCC4;
				INFOPLIST_FILE = test2/Info.plist;
				LD_RUNPATH_SEARCH_PATHS = (
					"$(inherited)",
					"@executable_path/../Frameworks",
				);
				PRODUCT_BUNDLE_IDENTIFIER = me.test2;
				PRODUCT_NAME = "$(TARGET_NAME)";
				SWIFT_VERSION = 4.2;
			};
			name = Release;
		};
		043A054F23988C05000E4DAA /* Debug */ = {
			isa = XCBuildConfiguration;
			buildSettings = {
				ALWAYS_EMBED_SWIFT_STANDARD_LIBRARIES = YES;
				BUNDLE_LOADER = "$(TEST_HOST)";
				CODE_SIGN_STYLE = Automatic;
				COMBINE_HIDPI_IMAGES = YES;
				DEVELOPMENT_TEAM = G9P495SCC4;
				INFOPLIST_FILE = test2Tests/Info.plist;
				LD_RUNPATH_SEARCH_PATHS = (
					"$(inherited)",
					"@executable_path/../Frameworks",
					"@loader_path/../Frameworks",
				);
				PRODUCT_BUNDLE_IDENTIFIER = me.test2Tests;
				PRODUCT_NAME = "$(TARGET_NAME)";
				SWIFT_VERSION = 4.2;
				TEST_HOST = "$(BUILT_PRODUCTS_DIR)/test2.app/Contents/MacOS/test2";
			};
			name = Debug;
		};
		043A055023988C05000E4DAA /* Release */ = {
			isa = XCBuildConfiguration;
			buildSettings = {
				ALWAYS_EMBED_SWIFT_STANDARD_LIBRARIES = YES;
				BUNDLE_LOADER = "$(TEST_HOST)";
				CODE_SIGN_STYLE = Automatic;
				COMBINE_HIDPI_IMAGES = YES;
				DEVELOPMENT_TEAM = G9P495SCC4;
				INFOPLIST_FILE = test2Tests/Info.plist;
				LD_RUNPATH_SEARCH_PATHS = (
					"$(inherited)",
					"@executable_path/../Frameworks",
					"@loader_path/../Frameworks",
				);
				PRODUCT_BUNDLE_IDENTIFIER = me.test2Tests;
				PRODUCT_NAME = "$(TARGET_NAME)";
				SWIFT_VERSION = 4.2;
				TEST_HOST = "$(BUILT_PRODUCTS_DIR)/test2.app/Contents/MacOS/test2";
			};
			name = Release;
		};
		043A055223988C05000E4DAA /* Debug */ = {
			isa = XCBuildConfiguration;
			buildSettings = {
				ALWAYS_EMBED_SWIFT_STANDARD_LIBRARIES = YES;
				CODE_SIGN_STYLE = Automatic;
				COMBINE_HIDPI_IMAGES = YES;
				DEVELOPMENT_TEAM = G9P495SCC4;
				INFOPLIST_FILE = test2UITests/Info.plist;
				LD_RUNPATH_SEARCH_PATHS = (
					"$(inherited)",
					"@executable_path/../Frameworks",
					"@loader_path/../Frameworks",
				);
				PRODUCT_BUNDLE_IDENTIFIER = me.test2UITests;
				PRODUCT_NAME = "$(TARGET_NAME)";
				SWIFT_VERSION = 4.2;
				TEST_TARGET_NAME = test2;
			};
			name = Debug;
		};
		043A055323988C05000E4DAA /* Release */ = {
			isa = XCBuildConfiguration;
			buildSettings = {
				ALWAYS_EMBED_SWIFT_STANDARD_LIBRARIES = YES;
				CODE_SIGN_STYLE = Automatic;
				COMBINE_HIDPI_IMAGES = YES;
				DEVELOPMENT_TEAM = G9P495SCC4;
				INFOPLIST_FILE = test2UITests/Info.plist;
				LD_RUNPATH_SEARCH_PATHS = (
					"$(inherited)",
					"@executable_path/../Frameworks",
					"@loader_path/../Frameworks",
				);
				PRODUCT_BUNDLE_IDENTIFIER = me.test2UITests;
				PRODUCT_NAME = "$(TARGET_NAME)";
				SWIFT_VERSION = 4.2;
				TEST_TARGET_NAME = test2;
			};
			name = Release;
		};
/* End XCBuildConfiguration section */

/* Begin XCConfigurationList section */
		043A051A23988C03000E4DAA /* Build configuration list for PBXProject "test2" */ = {
			isa = XCConfigurationList;
			buildConfigurations = (
				043A054923988C05000E4DAA /* Debug */,
				043A054A23988C05000E4DAA /* Release */,
			);
			defaultConfigurationIsVisible = 0;
			defaultConfigurationName = Release;
		};
		043A054B23988C05000E4DAA /* Build configuration list for PBXNativeTarget "test2" */ = {
			isa = XCConfigurationList;
			buildConfigurations = (
				043A054C23988C05000E4DAA /* Debug */,
				043A054D23988C05000E4DAA /* Release */,
			);
			defaultConfigurationIsVisible = 0;
			defaultConfigurationName = Release;
		};
		043A054E23988C05000E4DAA /* Build configuration list for PBXNativeTarget "test2Tests" */ = {
			isa = XCConfigurationList;
			buildConfigurations = (
				043A054F23988C05000E4DAA /* Debug */,
				043A055023988C05000E4DAA /* Release */,
			);
			defaultConfigurationIsVisible = 0;
			defaultConfigurationName = Release;
		};
		043A055123988C05000E4DAA /* Build configuration list for PBXNativeTarget "test2UITests" */ = {
			isa = XCConfigurationList;
			buildConfigurations = (
				043A055223988C05000E4DAA /* Debug */,
				043A055323988C05000E4DAA /* Release */,
			);
			defaultConfigurationIsVisible = 0;
			defaultConfigurationName = Release;
		};
/* End XCConfigurationList section */
	};
	rootObject = 043A051723988C03000E4DAA /* Project object */;
}
